
Microsoft Visual Studio Solution File, Format Version 12.00
# Visual Studio Version 16
VisualStudioVersion = 16.0.29409.12
MinimumVisualStudioVersion = 10.0.40219.1
Project("{FAE04EC0-301F-11D3-BF4B-00C04F79EFBC}") = "MoviesList", "MoviesList\MoviesList.csproj", "{FD96E3D8-B287-4C94-ADB2-0848F01C483E}"
EndProject
Global
	GlobalSection(SolutionConfigurationPlatforms) = preSolution
		Debug|Any CPU = Debug|Any CPU
		Release|Any CPU = Release|Any CPU
	EndGlobalSection
	GlobalSection(ProjectConfigurationPlatforms) = postSolution
		{FD96E3D8-B287-4C94-ADB2-0848F01C483E}.Debug|Any CPU.ActiveCfg = Debug|Any CPU
		{FD96E3D8-B287-4C94-ADB2-0848F01C483E}.Debug|Any CPU.Build.0 = Debug|Any CPU
		{FD96E3D8-B287-4C94-ADB2-0848F01C483E}.Release|Any CPU.ActiveCfg = Release|Any CPU
		{FD96E3D8-B287-4C94-ADB2-0848F01C483E}.Release|Any CPU.Build.0 = Release|Any CPU
	EndGlobalSection
	GlobalSection(SolutionProperties) = preSolution
		HideSolutionNode = FALSE
	EndGlobalSection
	GlobalSection(ExtensibilityGlobals) = postSolution
		SolutionGuid = {F48BE005-DB1C-4785-A0CC-478718C7CFE3}
	EndGlobalSection
EndGlobal
